<?xml version="1.0" encoding="utf-8"?>
<Project ToolsVersion="4.0" xmlns="http://schemas.microsoft.com/developer/msbuild/2003">
  <ItemGroup>
    <Filter Include="Source Files">
      <UniqueIdentifier>{4FC737F1-C7A5-4376-A066-2A32D752A2FF}</UniqueIdentifier>
      <Extensions>cpp;c;cc;cxx;def;odl;idl;hpj;bat;asm;asmx</Extensions>
    </Filter>
    <Filter Include="Header Files">
      <UniqueIdentifier>{93995380-89BD-4b04-88EB-625FBE52EBFB}</UniqueIdentifier>
      <Extensions>h;hh;hpp;hxx;hm;inl;inc;xsd</Extensions>
    </Filter>
    <Filter Include="Resource Files">
      <UniqueIdentifier>{67DA6AB6-F800-4c08-8B7A-83BB121AAD01}</UniqueIdentifier>
      <Extensions>rc;ico;cur;bmp;dlg;rc2;rct;bin;rgs;gif;jpg;jpeg;jpe;resx;tiff;tif;png;wav;mfcribbon-ms</Extensions>
    </Filter>
  </ItemGroup>
  <ItemGroup>
    <Text Include="ReadMe.txt" />
  </ItemGroup>
  <ItemGroup>
    <ClInclude Include="stdafx.h">
      <Filter>Header Files</Filter>
    </ClInclude>
    <ClInclude Include="targetver.h">
      <Filter>Header Files</Filter>
    </ClInclude>
    <ClInclude Include="_Global.h">
      <Filter>Header Files</Filter>
    </ClInclude>
    <ClInclude Include="Base.h">
      <Filter>Header Files</Filter>
    </ClInclude>
    <ClInclude Include="Tank.h">
      <Filter>Header Files</Filter>
    </ClInclude>
    <ClInclude Include="Bullet.h">
      <Filter>Header Files</Filter>
    </ClInclude>
    <ClInclude Include="Brick.h">
      <Filter>Header Files</Filter>
    </ClInclude>
    <ClInclude Include="King.h">
      <Filter>Header Files</Filter>
    </ClInclude>
    <ClInclude Include="Mapp.h">
      <Filter>Header Files</Filter>
    </ClInclude>
    <ClInclude Include="Interface.h">
      <Filter>Header Files</Filter>
    </ClInclude>
    <ClInclude Include="GameData.h">
      <Filter>Header Files</Filter>
    </ClInclude>
    <ClInclude Include="DrawGaming.h">
      <Filter>Header Files</Filter>
    </ClInclude>
    <ClInclude Include="TankMng.h">
      <Filter>Header Files</Filter>
    </ClInclude>
    <ClInclude Include="BulletMng.h">
      <Filter>Header Files</Filter>
    </ClInclude>
    <ClInclude Include="GameDataMng.h">
      <Filter>Header Files</Filter>
    </ClInclude>
    <ClInclude Include="Music.h">
      <Filter>Header Files</Filter>
    </ClInclude>
  </ItemGroup>
  <ItemGroup>
    <ClCompile Include="stdafx.cpp">
      <Filter>Source Files</Filter>
    </ClCompile>
    <ClCompile Include="Prfrc.cpp">
      <Filter>Source Files</Filter>
    </ClCompile>
    <ClCompile Include="_Global.cpp">
      <Filter>Source Files</Filter>
    </ClCompile>
    <ClCompile Include="Base.cpp">
      <Filter>Source Files</Filter>
    </ClCompile>
    <ClCompile Include="Tank.cpp">
      <Filter>Source Files</Filter>
    </ClCompile>
    <ClCompile Include="Bullet.cpp">
      <Filter>Source Files</Filter>
    </ClCompile>
    <ClCompile Include="Brick.cpp">
      <Filter>Source Files</Filter>
    </ClCompile>
    <ClCompile Include="King.cpp">
      <Filter>Source Files</Filter>
    </ClCompile>
    <ClCompile Include="Mapp.cpp">
      <Filter>Source Files</Filter>
    </ClCompile>
    <ClCompile Include="Interface.cpp">
      <Filter>Source Files</Filter>
    </ClCompile>
    <ClCompile Include="GameData.cpp">
      <Filter>Source Files</Filter>
    </ClCompile>
    <ClCompile Include="DrawGaming.cpp">
      <Filter>Source Files</Filter>
    </ClCompile>
    <ClCompile Include="TankMng.cpp">
      <Filter>Source Files</Filter>
    </ClCompile>
    <ClCompile Include="BulletMng.cpp">
      <Filter>Source Files</Filter>
    </ClCompile>
    <ClCompile Include="GameDataMng.cpp">
      <Filter>Source Files</Filter>
    </ClCompile>
    <ClCompile Include="Music.cpp">
      <Filter>Source Files</Filter>
    </ClCompile>
  </ItemGroup>
</Project>